
Microsoft Visual Studio Solution File, Format Version 12.00
# Visual Studio Version 16
VisualStudioVersion = 16.0.32602.291
MinimumVisualStudioVersion = 10.0.40219.1
Project("{FAE04EC0-301F-11D3-BF4B-00C04F79EFBC}") = "FruitStore", "FruitStore\FruitStore.csproj", "{DFA4114C-D233-47CF-92B5-174A61CDC73D}"
EndProject
Global
	GlobalSection(SolutionConfigurationPlatforms) = preSolution
		Debug|Any CPU = Debug|Any CPU
		Release|Any CPU = Release|Any CPU
	EndGlobalSection
	GlobalSection(ProjectConfigurationPlatforms) = postSolution
		{DFA4114C-D233-47CF-92B5-174A61CDC73D}.Debug|Any CPU.ActiveCfg = Debug|Any CPU
		{DFA4114C-D233-47CF-92B5-174A61CDC73D}.Debug|Any CPU.Build.0 = Debug|Any CPU
		{DFA4114C-D233-47CF-92B5-174A61CDC73D}.Release|Any CPU.ActiveCfg = Release|Any CPU
		{DFA4114C-D233-47CF-92B5-174A61CDC73D}.Release|Any CPU.Build.0 = Release|Any CPU
	EndGlobalSection
	GlobalSection(SolutionProperties) = preSolution
		HideSolutionNode = FALSE
	EndGlobalSection
	GlobalSection(ExtensibilityGlobals) = postSolution
		SolutionGuid = {FAF153C5-86C4-4329-B146-0602B5B51221}
	EndGlobalSection
EndGlobal
